<?xml version="1.0" encoding="utf-8"?>
<Project ToolsVersion="4.0" xmlns="http://schemas.microsoft.com/developer/msbuild/2003">
  <ItemGroup>
    <Filter Include="Source Files">
      <UniqueIdentifier>{4FC737F1-C7A5-4376-A066-2A32D752A2FF}</UniqueIdentifier>
      <Extensions>cpp;c;cc;cxx;c++;cppm;ixx;def;odl;idl;hpj;bat;asm;asmx</Extensions>
    </Filter>
    <Filter Include="Header Files">
      <UniqueIdentifier>{93995380-89BD-4b04-88EB-625FBE52EBFB}</UniqueIdentifier>
      <Extensions>h;hh;hpp;hxx;h++;hm;inl;inc;ipp;xsd</Extensions>
    </Filter>
    <Filter Include="Resource Files">
      <UniqueIdentifier>{67DA6AB6-F800-4c08-8B7A-83BB121AAD01}</UniqueIdentifier>
      <Extensions>rc;ico;cur;bmp;dlg;rc2;rct;bin;rgs;gif;jpg;jpeg;jpe;resx;tiff;tif;png;wav;mfcribbon-ms</Extensions>
    </Filter>
    <Filter Include="roms">
      <UniqueIdentifier>{685a88e6-fbc8-479e-8305-bfd706b9dc45}</UniqueIdentifier>
    </Filter>
    <Filter Include="libs">
      <UniqueIdentifier>{d3b19b96-6777-47fd-a314-ec62dba455d6}</UniqueIdentifier>
    </Filter>
    <Filter Include="assets">
      <UniqueIdentifier>{a1018896-36a1-4c3c-a10c-f98f4aa2d1c5}</UniqueIdentifier>
    </Filter>
    <Filter Include="assets\fonts">
      <UniqueIdentifier>{229a6446-7d27-4098-850a-8c25037e5bd7}</UniqueIdentifier>
    </Filter>
  </ItemGroup>
  <ItemGroup>
    <ClCompile Include="src\chip8.cpp">
      <Filter>Source Files</Filter>
    </ClCompile>
    <ClCompile Include="src\main.cpp">
      <Filter>Source Files</Filter>
    </ClCompile>
    <ClCompile Include="src\renderer.cpp">
      <Filter>Source Files</Filter>
    </ClCompile>
  </ItemGroup>
  <ItemGroup>
    <ClInclude Include="src\chip8.h">
      <Filter>Header Files</Filter>
    </ClInclude>
    <ClInclude Include="src\random.h">
      <Filter>Header Files</Filter>
    </ClInclude>
    <ClInclude Include="src\renderer.h">
      <Filter>Header Files</Filter>
    </ClInclude>
    <ClInclude Include="src\settings.h">
      <Filter>Header Files</Filter>
    </ClInclude>
    <ClInclude Include="src\utility.h">
      <Filter>Header Files</Filter>
    </ClInclude>
    <ClInclude Include="src\audioplayer.h">
      <Filter>Header Files</Filter>
    </ClInclude>
    <ClInclude Include="src\colour.h">
      <Filter>Header Files</Filter>
    </ClInclude>
    <ClInclude Include="src\inputhandler.h">
      <Filter>Header Files</Filter>
    </ClInclude>
    <ClInclude Include="src\statemanager.h">
      <Filter>Header Files</Filter>
    </ClInclude>
  </ItemGroup>
  <ItemGroup>
    <None Include="SDL2 Template.aps" />
    <None Include="roms\1dcell.ch8">
      <Filter>roms</Filter>
    </None>
    <None Include="roms\3-corax+.ch8">
      <Filter>roms</Filter>
    </None>
    <None Include="roms\4-flags.ch8">
      <Filter>roms</Filter>
    </None>
    <None Include="roms\5-quirks.ch8">
      <Filter>roms</Filter>
    </None>
    <None Include="roms\6-keypad.ch8">
      <Filter>roms</Filter>
    </None>
    <None Include="roms\15puzzle.ch8">
      <Filter>roms</Filter>
    </None>
    <None Include="roms\BC_test.ch8">
      <Filter>roms</Filter>
    </None>
    <None Include="roms\ghosts.ch8">
      <Filter>roms</Filter>
    </None>
    <None Include="roms\ibm.ch8">
      <Filter>roms</Filter>
    </None>
    <None Include="roms\pong.ch8">
      <Filter>roms</Filter>
    </None>
    <None Include="roms\rngTest.ch8">
      <Filter>roms</Filter>
    </None>
    <None Include="roms\snake.ch8">
      <Filter>roms</Filter>
    </None>
    <None Include="roms\Space Invaders [David Winter].ch8">
      <Filter>roms</Filter>
    </None>
    <None Include="roms\superneatboy.ch8">
      <Filter>roms</Filter>
    </None>
    <None Include="roms\superpong.ch8">
      <Filter>roms</Filter>
    </None>
    <None Include="roms\tetris.ch8">
      <Filter>roms</Filter>
    </None>
    <None Include="libs\SDL2.dll">
      <Filter>libs</Filter>
    </None>
    <None Include="libs\SDL2_image.dll">
      <Filter>libs</Filter>
    </None>
    <None Include="libs\SDL2_mixer.dll">
      <Filter>libs</Filter>
    </None>
    <None Include="libs\SDL2_ttf.dll">
      <Filter>libs</Filter>
    </None>
    <None Include="roms\brix.ch8">
      <Filter>roms</Filter>
    </None>
    <None Include="roms\Hidden [David Winter, 1996].ch8">
      <Filter>roms</Filter>
    </None>
    <None Include="roms\danm8ku.ch8">
      <Filter>roms</Filter>
    </None>
    <None Include="roms\oob_test_7.ch8">
      <Filter>roms</Filter>
    </None>
    <None Include="roms\AllInOne.ch8">
      <Filter>roms</Filter>
    </None>
  </ItemGroup>
  <ItemGroup>
    <Media Include="assets\beep.wav">
      <Filter>assets</Filter>
    </Media>
  </ItemGroup>
  <ItemGroup>
    <Font Include="assets\fonts\anonymous.ttf">
      <Filter>assets\fonts</Filter>
    </Font>
  </ItemGroup>
</Project>